{
    "_readme": [
        "This file locks the dependencies of your project to a known state",
        "Read more about it at http://getcomposer.org/doc/01-basic-usage.md#composer-lock-the-lock-file"
    ],
    "hash": "9c78b8993650f646ba5096d24e5be0e7",
    "packages": [
        {
            "name": "ass/xmlsecurity",
            "version": "dev-master",
            "source": {
                "type": "git",
                "url": "https://github.com/aschamberger/XmlSecurity.git",
                "reference": "ce8c5e20fae33b92173be0ec37a572de5cb7bd16"
            },
            "dist": {
                "type": "zip",
                "url": "https://api.github.com/repos/aschamberger/XmlSecurity/zipball/ce8c5e20fae33b92173be0ec37a572de5cb7bd16",
                "reference": "ce8c5e20fae33b92173be0ec37a572de5cb7bd16",
                "shasum": ""
            },
            "require": {
                "lib-openssl": ">=0.9.0",
                "php": ">=5.3.0"
            },
            "type": "library",
            "autoload": {
                "psr-0": {
                    "ass\\XmlSecurity": "src/"
                }
            },
            "notification-url": "https://packagist.org/downloads/",
            "license": [
                "BSD-3-Clause"
            ],
            "authors": [
                {
                    "name": "Robert Richards",
                    "email": "rrichards@cdatazone.org"
                },
                {
                    "name": "Andreas Schamberger",
                    "email": "mail@andreass.net"
                }
            ],
            "description": "The XmlSecurity library is written in PHP for working with XML Encryption and Signatures",
            "homepage": "https://github.com/aschamberger/XmlSecurity",
            "keywords": [
                "encryption",
                "security",
                "signature",
                "xml"
            ],
            "time": "2013-07-18 19:52:20"
        },
        {
            "name": "besimple/soap-common",
            "version": "dev-master",
            "target-dir": "BeSimple/SoapCommon",
            "source": {
                "type": "git",
                "url": "git@github.com:BeSimple/BeSimpleSoapCommon.git",
                "reference": "b130e8b485017af20ae7aa78c18f058c62092ca1"
            },
            "require": {
                "ass/xmlsecurity": "dev-master",
                "ext-soap": "*",
                "php": ">=5.3.0"
            },
            "require-dev": {
                "ext-mcrypt": "*",
                "mikey179/vfsstream": "dev-master"
            },
            "type": "library",
            "extra": {
                "branch-alias": {
                    "dev-master": "0.1-dev"
                }
            },
            "autoload": {
                "psr-0": {
                    "BeSimple\\SoapCommon": ""
                }
            },
            "license": [
                "MIT"
            ],
            "authors": [
                {
                    "name": "Francis Besset",
                    "email": "francis.besset@gmail.com"
                },
                {
                    "name": "Christian Kerl",
                    "email": "christian-kerl@web.de"
                },
                {
                    "name": "Andreas Schamberger",
                    "email": "mail@andreass.net"
                }
            ],
            "description": "Build and consume SOAP Common based web services",
            "homepage": "https://github.com/BeSimple/BeSimpleSoapCommon",
            "keywords": [
                "soap",
                "soap-common"
            ],
            "time": "2013-07-24 21:40:21"
        }
    ],
    "packages-dev": [

    ],
    "aliases": [

    ],
    "minimum-stability": "stable",
    "stability-flags": {
        "besimple/soap-common": 20,
        "ass/xmlsecurity": 20
    },
    "platform": {
        "php": ">=5.3.0"
    },
    "platform-dev": [

    ]
}
