{
    "_readme": [
        "This file locks the dependencies of your project to a known state",
        "Read more about it at http://getcomposer.org/doc/01-basic-usage.md#composer-lock-the-lock-file"
    ],
    "hash": "18abac81f64af47200958f8c0a2c141d",
    "packages": [
        {
            "name": "ass/xmlsecurity",
            "version": "dev-master",
            "source": {
                "type": "git",
                "url": "https://github.com/aschamberger/XmlSecurity.git",
                "reference": "c4246b1a6f5e42261b4886b306b1ae2fefea976f"
            },
            "dist": {
                "type": "zip",
                "url": "https://api.github.com/repos/aschamberger/XmlSecurity/zipball/c4246b1a6f5e42261b4886b306b1ae2fefea976f",
                "reference": "c4246b1a6f5e42261b4886b306b1ae2fefea976f",
                "shasum": ""
            },
            "require": {
                "ext-openssl": "*",
                "lib-openssl": ">=0.9.0",
                "php": ">=5.3.0"
            },
            "suggest": {
                "ext-mcrypt": "*"
            },
            "type": "library",
            "extra": {
                "branch-alias": {
                    "dev-master": "1.0.x-dev"
                }
            },
            "autoload": {
                "psr-0": {
                    "ass\\XmlSecurity": "src/"
                }
            },
            "notification-url": "https://packagist.org/downloads/",
            "license": [
                "BSD-3-Clause"
            ],
            "authors": [
                {
                    "name": "Robert Richards",
                    "email": "rrichards@cdatazone.org"
                },
                {
                    "name": "Andreas Schamberger",
                    "email": "mail@andreass.net"
                }
            ],
            "description": "The XmlSecurity library is written in PHP for working with XML Encryption and Signatures",
            "homepage": "https://github.com/aschamberger/XmlSecurity",
            "keywords": [
                "encryption",
                "security",
                "signature",
                "xml"
            ],
            "time": "2013-11-24 10:03:58"
        },
        {
            "name": "besimple/soap-common",
            "version": "dev-master",
            "target-dir": "BeSimple/SoapCommon",
            "source": {
                "type": "git",
                "url": "https://github.com/BeSimple/BeSimpleSoapCommon.git",
                "reference": "11486d1a06c4d1610a4c9580b1999b4448b6c29f"
            },
            "dist": {
                "type": "zip",
                "url": "https://api.github.com/repos/BeSimple/BeSimpleSoapCommon/zipball/11486d1a06c4d1610a4c9580b1999b4448b6c29f",
                "reference": "11486d1a06c4d1610a4c9580b1999b4448b6c29f",
                "shasum": ""
            },
            "require": {
                "ass/xmlsecurity": "~1.0",
                "ext-soap": "*",
                "php": ">=5.3.0"
            },
            "require-dev": {
                "ext-mcrypt": "*",
                "mikey179/vfsstream": "dev-master"
            },
            "type": "library",
            "extra": {
                "branch-alias": {
                    "dev-master": "0.2-dev"
                }
            },
            "autoload": {
                "psr-0": {
                    "BeSimple\\SoapCommon": ""
                }
            },
            "notification-url": "https://packagist.org/downloads/",
            "license": [
                "MIT"
            ],
            "authors": [
                {
                    "name": "Francis Besset",
                    "email": "francis.besset@gmail.com",
                    "homepage": "http://www.apercite.fr"
                },
                {
                    "name": "Andreas Schamberger",
                    "email": "mail@andreass.net"
                },
                {
                    "name": "Christian Kerl",
                    "email": "christian-kerl@web.de"
                }
            ],
            "description": "Build and consume SOAP Common based web services",
            "homepage": "https://github.com/BeSimple/BeSimpleSoapCommon",
            "keywords": [
                "soap",
                "soap-common"
            ],
            "time": "2013-10-30 16:00:44"
        }
    ],
    "packages-dev": [

    ],
    "aliases": [

    ],
    "minimum-stability": "dev",
    "stability-flags": {
        "besimple/soap-common": 20
    },
    "platform": {
        "php": ">=5.3.0"
    },
    "platform-dev": [

    ]
}
